
Microsoft Visual Studio Solution File, Format Version 12.00
# Visual Studio Version 17
VisualStudioVersion = 17.5.33414.496
MinimumVisualStudioVersion = 10.0.40219.1
Project("{9A19103F-16F7-4668-BE54-9A1E7A4F7556}") = "Simple-Inventory-Managment-System", "Simple-Inventory-Managment-System\Simple-Inventory-Managment-System.csproj", "{4BEFB4F9-3106-46A5-A71D-38E1F761E278}"
EndProject
Project("{FAE04EC0-301F-11D3-BF4B-00C04F79EFBC}") = "TestsSystem-Inventory-Managment-System", "TestsSystem-Inventory-Managment-System\TestsSystem-Inventory-Managment-System.csproj", "{49EC19B6-8A7B-40CE-AC11-9801850AB7C3}"
EndProject
Global
	GlobalSection(SolutionConfigurationPlatforms) = preSolution
		Debug|Any CPU = Debug|Any CPU
		Release|Any CPU = Release|Any CPU
	EndGlobalSection
	GlobalSection(ProjectConfigurationPlatforms) = postSolution
		{4BEFB4F9-3106-46A5-A71D-38E1F761E278}.Debug|Any CPU.ActiveCfg = Debug|Any CPU
		{4BEFB4F9-3106-46A5-A71D-38E1F761E278}.Debug|Any CPU.Build.0 = Debug|Any CPU
		{4BEFB4F9-3106-46A5-A71D-38E1F761E278}.Release|Any CPU.ActiveCfg = Release|Any CPU
		{4BEFB4F9-3106-46A5-A71D-38E1F761E278}.Release|Any CPU.Build.0 = Release|Any CPU
		{49EC19B6-8A7B-40CE-AC11-9801850AB7C3}.Debug|Any CPU.ActiveCfg = Debug|Any CPU
		{49EC19B6-8A7B-40CE-AC11-9801850AB7C3}.Debug|Any CPU.Build.0 = Debug|Any CPU
		{49EC19B6-8A7B-40CE-AC11-9801850AB7C3}.Release|Any CPU.ActiveCfg = Release|Any CPU
		{49EC19B6-8A7B-40CE-AC11-9801850AB7C3}.Release|Any CPU.Build.0 = Release|Any CPU
	EndGlobalSection
	GlobalSection(SolutionProperties) = preSolution
		HideSolutionNode = FALSE
	EndGlobalSection
	GlobalSection(ExtensibilityGlobals) = postSolution
		SolutionGuid = {85699A09-C187-4DB8-9F7F-77513E9EC5B4}
	EndGlobalSection
EndGlobal
